// !$*UTF8*$!
{
	archiveVersion = 1;
	classes = {
	};
	objectVersion = 56;
	objects = {

/* Begin PBXBuildFile section */
		323AD557295495970060D0C9 /* BucketListApp.swift in Sources */ = {isa = PBXBuildFile; fileRef = 323AD556295495970060D0C9 /* BucketListApp.swift */; };
		323AD559295495970060D0C9 /* ContentView.swift in Sources */ = {isa = PBXBuildFile; fileRef = 323AD558295495970060D0C9 /* ContentView.swift */; };
		323AD55B295495980060D0C9 /* Assets.xcassets in Resources */ = {isa = PBXBuildFile; fileRef = 323AD55A295495980060D0C9 /* Assets.xcassets */; };
		323AD55E295495980060D0C9 /* Preview Assets.xcassets in Resources */ = {isa = PBXBuildFile; fileRef = 323AD55D295495980060D0C9 /* Preview Assets.xcassets */; };
		323AD568295495980060D0C9 /* BucketListTests.swift in Sources */ = {isa = PBXBuildFile; fileRef = 323AD567295495980060D0C9 /* BucketListTests.swift */; };
		323AD572295495980060D0C9 /* BucketListUITests.swift in Sources */ = {isa = PBXBuildFile; fileRef = 323AD571295495980060D0C9 /* BucketListUITests.swift */; };
		323AD574295495980060D0C9 /* BucketListUITestsLaunchTests.swift in Sources */ = {isa = PBXBuildFile; fileRef = 323AD573295495980060D0C9 /* BucketListUITestsLaunchTests.swift */; };
		323AD5812954A4FA0060D0C9 /* WriteData.swift in Sources */ = {isa = PBXBuildFile; fileRef = 323AD5802954A4FA0060D0C9 /* WriteData.swift */; };
		323AD5852955CC280060D0C9 /* Location.swift in Sources */ = {isa = PBXBuildFile; fileRef = 323AD5842955CC280060D0C9 /* Location.swift */; };
		323AD5872955DB220060D0C9 /* EditView.swift in Sources */ = {isa = PBXBuildFile; fileRef = 323AD5862955DB220060D0C9 /* EditView.swift */; };
/* End PBXBuildFile section */

/* Begin PBXContainerItemProxy section */
		323AD564295495980060D0C9 /* PBXContainerItemProxy */ = {
			isa = PBXContainerItemProxy;
			containerPortal = 323AD54B295495970060D0C9 /* Project object */;
			proxyType = 1;
			remoteGlobalIDString = 323AD552295495970060D0C9;
			remoteInfo = BucketList;
		};
		323AD56E295495980060D0C9 /* PBXContainerItemProxy */ = {
			isa = PBXContainerItemProxy;
			containerPortal = 323AD54B295495970060D0C9 /* Project object */;
			proxyType = 1;
			remoteGlobalIDString = 323AD552295495970060D0C9;
			remoteInfo = BucketList;
		};
/* End PBXContainerItemProxy section */

/* Begin PBXFileReference section */
		323AD553295495970060D0C9 /* BucketList.app */ = {isa = PBXFileReference; explicitFileType = wrapper.application; includeInIndex = 0; path = BucketList.app; sourceTree = BUILT_PRODUCTS_DIR; };
		323AD556295495970060D0C9 /* BucketListApp.swift */ = {isa = PBXFileReference; lastKnownFileType = sourcecode.swift; path = BucketListApp.swift; sourceTree = "<group>"; };
		323AD558295495970060D0C9 /* ContentView.swift */ = {isa = PBXFileReference; lastKnownFileType = sourcecode.swift; path = ContentView.swift; sourceTree = "<group>"; };
		323AD55A295495980060D0C9 /* Assets.xcassets */ = {isa = PBXFileReference; lastKnownFileType = folder.assetcatalog; path = Assets.xcassets; sourceTree = "<group>"; };
		323AD55D295495980060D0C9 /* Preview Assets.xcassets */ = {isa = PBXFileReference; lastKnownFileType = folder.assetcatalog; path = "Preview Assets.xcassets"; sourceTree = "<group>"; };
		323AD563295495980060D0C9 /* BucketListTests.xctest */ = {isa = PBXFileReference; explicitFileType = wrapper.cfbundle; includeInIndex = 0; path = BucketListTests.xctest; sourceTree = BUILT_PRODUCTS_DIR; };
		323AD567295495980060D0C9 /* BucketListTests.swift */ = {isa = PBXFileReference; lastKnownFileType = sourcecode.swift; path = BucketListTests.swift; sourceTree = "<group>"; };
		323AD56D295495980060D0C9 /* BucketListUITests.xctest */ = {isa = PBXFileReference; explicitFileType = wrapper.cfbundle; includeInIndex = 0; path = BucketListUITests.xctest; sourceTree = BUILT_PRODUCTS_DIR; };
		323AD571295495980060D0C9 /* BucketListUITests.swift */ = {isa = PBXFileReference; lastKnownFileType = sourcecode.swift; path = BucketListUITests.swift; sourceTree = "<group>"; };
		323AD573295495980060D0C9 /* BucketListUITestsLaunchTests.swift */ = {isa = PBXFileReference; lastKnownFileType = sourcecode.swift; path = BucketListUITestsLaunchTests.swift; sourceTree = "<group>"; };
		323AD5802954A4FA0060D0C9 /* WriteData.swift */ = {isa = PBXFileReference; lastKnownFileType = sourcecode.swift; path = WriteData.swift; sourceTree = "<group>"; };
		323AD5842955CC280060D0C9 /* Location.swift */ = {isa = PBXFileReference; lastKnownFileType = sourcecode.swift; path = Location.swift; sourceTree = "<group>"; };
		323AD5862955DB220060D0C9 /* EditView.swift */ = {isa = PBXFileReference; lastKnownFileType = sourcecode.swift; path = EditView.swift; sourceTree = "<group>"; };
/* End PBXFileReference section */

/* Begin PBXFrameworksBuildPhase section */
		323AD550295495970060D0C9 /* Frameworks */ = {
			isa = PBXFrameworksBuildPhase;
			buildActionMask = 2147483647;
			files = (
			);
			runOnlyForDeploymentPostprocessing = 0;
		};
		323AD560295495980060D0C9 /* Frameworks */ = {
			isa = PBXFrameworksBuildPhase;
			buildActionMask = 2147483647;
			files = (
			);
			runOnlyForDeploymentPostprocessing = 0;
		};
		323AD56A295495980060D0C9 /* Frameworks */ = {
			isa = PBXFrameworksBuildPhase;
			buildActionMask = 2147483647;
			files = (
			);
			runOnlyForDeploymentPostprocessing = 0;
		};
/* End PBXFrameworksBuildPhase section */

/* Begin PBXGroup section */
		323AD54A295495970060D0C9 = {
			isa = PBXGroup;
			children = (
				323AD5862955DB220060D0C9 /* EditView.swift */,
				323AD5802954A4FA0060D0C9 /* WriteData.swift */,
				323AD555295495970060D0C9 /* BucketList */,
				323AD566295495980060D0C9 /* BucketListTests */,
				323AD570295495980060D0C9 /* BucketListUITests */,
				323AD554295495970060D0C9 /* Products */,
			);
			sourceTree = "<group>";
		};
		323AD554295495970060D0C9 /* Products */ = {
			isa = PBXGroup;
			children = (
				323AD553295495970060D0C9 /* BucketList.app */,
				323AD563295495980060D0C9 /* BucketListTests.xctest */,
				323AD56D295495980060D0C9 /* BucketListUITests.xctest */,
			);
			name = Products;
			sourceTree = "<group>";
		};
		323AD555295495970060D0C9 /* BucketList */ = {
			isa = PBXGroup;
			children = (
				323AD556295495970060D0C9 /* BucketListApp.swift */,
				323AD558295495970060D0C9 /* ContentView.swift */,
				323AD5842955CC280060D0C9 /* Location.swift */,
				323AD55A295495980060D0C9 /* Assets.xcassets */,
				323AD55C295495980060D0C9 /* Preview Content */,
			);
			path = BucketList;
			sourceTree = "<group>";
		};
		323AD55C295495980060D0C9 /* Preview Content */ = {
			isa = PBXGroup;
			children = (
				323AD55D295495980060D0C9 /* Preview Assets.xcassets */,
			);
			path = "Preview Content";
			sourceTree = "<group>";
		};
		323AD566295495980060D0C9 /* BucketListTests */ = {
			isa = PBXGroup;
			children = (
				323AD567295495980060D0C9 /* BucketListTests.swift */,
			);
			path = BucketListTests;
			sourceTree = "<group>";
		};
		323AD570295495980060D0C9 /* BucketListUITests */ = {
			isa = PBXGroup;
			children = (
				323AD571295495980060D0C9 /* BucketListUITests.swift */,
				323AD573295495980060D0C9 /* BucketListUITestsLaunchTests.swift */,
			);
			path = BucketListUITests;
			sourceTree = "<group>";
		};
/* End PBXGroup section */

/* Begin PBXNativeTarget section */
		323AD552295495970060D0C9 /* BucketList */ = {
			isa = PBXNativeTarget;
			buildConfigurationList = 323AD577295495980060D0C9 /* Build configuration list for PBXNativeTarget "BucketList" */;
			buildPhases = (
				323AD54F295495970060D0C9 /* Sources */,
				323AD550295495970060D0C9 /* Frameworks */,
				323AD551295495970060D0C9 /* Resources */,
			);
			buildRules = (
			);
			dependencies = (
			);
			name = BucketList;
			productName = BucketList;
			productReference = 323AD553295495970060D0C9 /* BucketList.app */;
			productType = "com.apple.product-type.application";
		};
		323AD562295495980060D0C9 /* BucketListTests */ = {
			isa = PBXNativeTarget;
			buildConfigurationList = 323AD57A295495980060D0C9 /* Build configuration list for PBXNativeTarget "BucketListTests" */;
			buildPhases = (
				323AD55F295495980060D0C9 /* Sources */,
				323AD560295495980060D0C9 /* Frameworks */,
				323AD561295495980060D0C9 /* Resources */,
			);
			buildRules = (
			);
			dependencies = (
				323AD565295495980060D0C9 /* PBXTargetDependency */,
			);
			name = BucketListTests;
			productName = BucketListTests;
			productReference = 323AD563295495980060D0C9 /* BucketListTests.xctest */;
			productType = "com.apple.product-type.bundle.unit-test";
		};
		323AD56C295495980060D0C9 /* BucketListUITests */ = {
			isa = PBXNativeTarget;
			buildConfigurationList = 323AD57D295495980060D0C9 /* Build configuration list for PBXNativeTarget "BucketListUITests" */;
			buildPhases = (
				323AD569295495980060D0C9 /* Sources */,
				323AD56A295495980060D0C9 /* Frameworks */,
				323AD56B295495980060D0C9 /* Resources */,
			);
			buildRules = (
			);
			dependencies = (
				323AD56F295495980060D0C9 /* PBXTargetDependency */,
			);
			name = BucketListUITests;
			productName = BucketListUITests;
			productReference = 323AD56D295495980060D0C9 /* BucketListUITests.xctest */;
			productType = "com.apple.product-type.bundle.ui-testing";
		};
/* End PBXNativeTarget section */

/* Begin PBXProject section */
		323AD54B295495970060D0C9 /* Project object */ = {
			isa = PBXProject;
			attributes = {
				BuildIndependentTargetsInParallel = 1;
				LastSwiftUpdateCheck = 1420;
				LastUpgradeCheck = 1420;
				TargetAttributes = {
					323AD552295495970060D0C9 = {
						CreatedOnToolsVersion = 14.2;
					};
					323AD562295495980060D0C9 = {
						CreatedOnToolsVersion = 14.2;
						TestTargetID = 323AD552295495970060D0C9;
					};
					323AD56C295495980060D0C9 = {
						CreatedOnToolsVersion = 14.2;
						TestTargetID = 323AD552295495970060D0C9;
					};
				};
			};
			buildConfigurationList = 323AD54E295495970060D0C9 /* Build configuration list for PBXProject "BucketList" */;
			compatibilityVersion = "Xcode 14.0";
			developmentRegion = en;
			hasScannedForEncodings = 0;
			knownRegions = (
				en,
				Base,
			);
			mainGroup = 323AD54A295495970060D0C9;
			productRefGroup = 323AD554295495970060D0C9 /* Products */;
			projectDirPath = "";
			projectRoot = "";
			targets = (
				323AD552295495970060D0C9 /* BucketList */,
				323AD562295495980060D0C9 /* BucketListTests */,
				323AD56C295495980060D0C9 /* BucketListUITests */,
			);
		};
/* End PBXProject section */

/* Begin PBXResourcesBuildPhase section */
		323AD551295495970060D0C9 /* Resources */ = {
			isa = PBXResourcesBuildPhase;
			buildActionMask = 2147483647;
			files = (
				323AD55E295495980060D0C9 /* Preview Assets.xcassets in Resources */,
				323AD55B295495980060D0C9 /* Assets.xcassets in Resources */,
			);
			runOnlyForDeploymentPostprocessing = 0;
		};
		323AD561295495980060D0C9 /* Resources */ = {
			isa = PBXResourcesBuildPhase;
			buildActionMask = 2147483647;
			files = (
			);
			runOnlyForDeploymentPostprocessing = 0;
		};
		323AD56B295495980060D0C9 /* Resources */ = {
			isa = PBXResourcesBuildPhase;
			buildActionMask = 2147483647;
			files = (
			);
			runOnlyForDeploymentPostprocessing = 0;
		};
/* End PBXResourcesBuildPhase section */

/* Begin PBXSourcesBuildPhase section */
		323AD54F295495970060D0C9 /* Sources */ = {
			isa = PBXSourcesBuildPhase;
			buildActionMask = 2147483647;
			files = (
				323AD559295495970060D0C9 /* ContentView.swift in Sources */,
				323AD5872955DB220060D0C9 /* EditView.swift in Sources */,
				323AD5812954A4FA0060D0C9 /* WriteData.swift in Sources */,
				323AD5852955CC280060D0C9 /* Location.swift in Sources */,
				323AD557295495970060D0C9 /* BucketListApp.swift in Sources */,
			);
			runOnlyForDeploymentPostprocessing = 0;
		};
		323AD55F295495980060D0C9 /* Sources */ = {
			isa = PBXSourcesBuildPhase;
			buildActionMask = 2147483647;
			files = (
				323AD568295495980060D0C9 /* BucketListTests.swift in Sources */,
			);
			runOnlyForDeploymentPostprocessing = 0;
		};
		323AD569295495980060D0C9 /* Sources */ = {
			isa = PBXSourcesBuildPhase;
			buildActionMask = 2147483647;
			files = (
				323AD574295495980060D0C9 /* BucketListUITestsLaunchTests.swift in Sources */,
				323AD572295495980060D0C9 /* BucketListUITests.swift in Sources */,
			);
			runOnlyForDeploymentPostprocessing = 0;
		};
/* End PBXSourcesBuildPhase section */

/* Begin PBXTargetDependency section */
		323AD565295495980060D0C9 /* PBXTargetDependency */ = {
			isa = PBXTargetDependency;
			target = 323AD552295495970060D0C9 /* BucketList */;
			targetProxy = 323AD564295495980060D0C9 /* PBXContainerItemProxy */;
		};
		323AD56F295495980060D0C9 /* PBXTargetDependency */ = {
			isa = PBXTargetDependency;
			target = 323AD552295495970060D0C9 /* BucketList */;
			targetProxy = 323AD56E295495980060D0C9 /* PBXContainerItemProxy */;
		};
/* End PBXTargetDependency section */

/* Begin XCBuildConfiguration section */
		323AD575295495980060D0C9 /* Debug */ = {
			isa = XCBuildConfiguration;
			buildSettings = {
				ALWAYS_SEARCH_USER_PATHS = NO;
				CLANG_ANALYZER_NONNULL = YES;
				CLANG_ANALYZER_NUMBER_OBJECT_CONVERSION = YES_AGGRESSIVE;
				CLANG_CXX_LANGUAGE_STANDARD = "gnu++20";
				CLANG_ENABLE_MODULES = YES;
				CLANG_ENABLE_OBJC_ARC = YES;
				CLANG_ENABLE_OBJC_WEAK = YES;
				CLANG_WARN_BLOCK_CAPTURE_AUTORELEASING = YES;
				CLANG_WARN_BOOL_CONVERSION = YES;
				CLANG_WARN_COMMA = YES;
				CLANG_WARN_CONSTANT_CONVERSION = YES;
				CLANG_WARN_DEPRECATED_OBJC_IMPLEMENTATIONS = YES;
				CLANG_WARN_DIRECT_OBJC_ISA_USAGE = YES_ERROR;
				CLANG_WARN_DOCUMENTATION_COMMENTS = YES;
				CLANG_WARN_EMPTY_BODY = YES;
				CLANG_WARN_ENUM_CONVERSION = YES;
				CLANG_WARN_INFINITE_RECURSION = YES;
				CLANG_WARN_INT_CONVERSION = YES;
				CLANG_WARN_NON_LITERAL_NULL_CONVERSION = YES;
				CLANG_WARN_OBJC_IMPLICIT_RETAIN_SELF = YES;
				CLANG_WARN_OBJC_LITERAL_CONVERSION = YES;
				CLANG_WARN_OBJC_ROOT_CLASS = YES_ERROR;
				CLANG_WARN_QUOTED_INCLUDE_IN_FRAMEWORK_HEADER = YES;
				CLANG_WARN_RANGE_LOOP_ANALYSIS = YES;
				CLANG_WARN_STRICT_PROTOTYPES = YES;
				CLANG_WARN_SUSPICIOUS_MOVE = YES;
				CLANG_WARN_UNGUARDED_AVAILABILITY = YES_AGGRESSIVE;
				CLANG_WARN_UNREACHABLE_CODE = YES;
				CLANG_WARN__DUPLICATE_METHOD_MATCH = YES;
				COPY_PHASE_STRIP = NO;
				DEBUG_INFORMATION_FORMAT = dwarf;
				ENABLE_STRICT_OBJC_MSGSEND = YES;
				ENABLE_TESTABILITY = YES;
				GCC_C_LANGUAGE_STANDARD = gnu11;
				GCC_DYNAMIC_NO_PIC = NO;
				GCC_NO_COMMON_BLOCKS = YES;
				GCC_OPTIMIZATION_LEVEL = 0;
				GCC_PREPROCESSOR_DEFINITIONS = (
					"DEBUG=1",
					"$(inherited)",
				);
				GCC_WARN_64_TO_32_BIT_CONVERSION = YES;
				GCC_WARN_ABOUT_RETURN_TYPE = YES_ERROR;
				GCC_WARN_UNDECLARED_SELECTOR = YES;
				GCC_WARN_UNINITIALIZED_AUTOS = YES_AGGRESSIVE;
				GCC_WARN_UNUSED_FUNCTION = YES;
				GCC_WARN_UNUSED_VARIABLE = YES;
				IPHONEOS_DEPLOYMENT_TARGET = 16.2;
				MTL_ENABLE_DEBUG_INFO = INCLUDE_SOURCE;
				MTL_FAST_MATH = YES;
				ONLY_ACTIVE_ARCH = YES;
				SDKROOT = iphoneos;
				SWIFT_ACTIVE_COMPILATION_CONDITIONS = DEBUG;
				SWIFT_OPTIMIZATION_LEVEL = "-Onone";
			};
			name = Debug;
		};
		323AD576295495980060D0C9 /* Release */ = {
			isa = XCBuildConfiguration;
			buildSettings = {
				ALWAYS_SEARCH_USER_PATHS = NO;
				CLANG_ANALYZER_NONNULL = YES;
				CLANG_ANALYZER_NUMBER_OBJECT_CONVERSION = YES_AGGRESSIVE;
				CLANG_CXX_LANGUAGE_STANDARD = "gnu++20";
				CLANG_ENABLE_MODULES = YES;
				CLANG_ENABLE_OBJC_ARC = YES;
				CLANG_ENABLE_OBJC_WEAK = YES;
				CLANG_WARN_BLOCK_CAPTURE_AUTORELEASING = YES;
				CLANG_WARN_BOOL_CONVERSION = YES;
				CLANG_WARN_COMMA = YES;
				CLANG_WARN_CONSTANT_CONVERSION = YES;
				CLANG_WARN_DEPRECATED_OBJC_IMPLEMENTATIONS = YES;
				CLANG_WARN_DIRECT_OBJC_ISA_USAGE = YES_ERROR;
				CLANG_WARN_DOCUMENTATION_COMMENTS = YES;
				CLANG_WARN_EMPTY_BODY = YES;
				CLANG_WARN_ENUM_CONVERSION = YES;
				CLANG_WARN_INFINITE_RECURSION = YES;
				CLANG_WARN_INT_CONVERSION = YES;
				CLANG_WARN_NON_LITERAL_NULL_CONVERSION = YES;
				CLANG_WARN_OBJC_IMPLICIT_RETAIN_SELF = YES;
				CLANG_WARN_OBJC_LITERAL_CONVERSION = YES;
				CLANG_WARN_OBJC_ROOT_CLASS = YES_ERROR;
				CLANG_WARN_QUOTED_INCLUDE_IN_FRAMEWORK_HEADER = YES;
				CLANG_WARN_RANGE_LOOP_ANALYSIS = YES;
				CLANG_WARN_STRICT_PROTOTYPES = YES;
				CLANG_WARN_SUSPICIOUS_MOVE = YES;
				CLANG_WARN_UNGUARDED_AVAILABILITY = YES_AGGRESSIVE;
				CLANG_WARN_UNREACHABLE_CODE = YES;
				CLANG_WARN__DUPLICATE_METHOD_MATCH = YES;
				COPY_PHASE_STRIP = NO;
				DEBUG_INFORMATION_FORMAT = "dwarf-with-dsym";
				ENABLE_NS_ASSERTIONS = NO;
				ENABLE_STRICT_OBJC_MSGSEND = YES;
				GCC_C_LANGUAGE_STANDARD = gnu11;
				GCC_NO_COMMON_BLOCKS = YES;
				GCC_WARN_64_TO_32_BIT_CONVERSION = YES;
				GCC_WARN_ABOUT_RETURN_TYPE = YES_ERROR;
				GCC_WARN_UNDECLARED_SELECTOR = YES;
				GCC_WARN_UNINITIALIZED_AUTOS = YES_AGGRESSIVE;
				GCC_WARN_UNUSED_FUNCTION = YES;
				GCC_WARN_UNUSED_VARIABLE = YES;
				IPHONEOS_DEPLOYMENT_TARGET = 16.2;
				MTL_ENABLE_DEBUG_INFO = NO;
				MTL_FAST_MATH = YES;
				SDKROOT = iphoneos;
				SWIFT_COMPILATION_MODE = wholemodule;
				SWIFT_OPTIMIZATION_LEVEL = "-O";
				VALIDATE_PRODUCT = YES;
			};
			name = Release;
		};
		323AD578295495980060D0C9 /* Debug */ = {
			isa = XCBuildConfiguration;
			buildSettings = {
				ASSETCATALOG_COMPILER_APPICON_NAME = AppIcon;
				ASSETCATALOG_COMPILER_GLOBAL_ACCENT_COLOR_NAME = AccentColor;
				CODE_SIGN_STYLE = Automatic;
				CURRENT_PROJECT_VERSION = 1;
				DEVELOPMENT_ASSET_PATHS = "\"BucketList/Preview Content\"";
				DEVELOPMENT_TEAM = 7S5KXF68WA;
				ENABLE_PREVIEWS = YES;
				GENERATE_INFOPLIST_FILE = YES;
				INFOPLIST_KEY_NSFaceIDUsageDescription = "We need to unlock your data.";
				INFOPLIST_KEY_UIApplicationSceneManifest_Generation = YES;
				INFOPLIST_KEY_UIApplicationSupportsIndirectInputEvents = YES;
				INFOPLIST_KEY_UILaunchScreen_Generation = YES;
				INFOPLIST_KEY_UISupportedInterfaceOrientations_iPad = "UIInterfaceOrientationPortrait UIInterfaceOrientationPortraitUpsideDown UIInterfaceOrientationLandscapeLeft UIInterfaceOrientationLandscapeRight";
				INFOPLIST_KEY_UISupportedInterfaceOrientations_iPhone = "UIInterfaceOrientationPortrait UIInterfaceOrientationLandscapeLeft UIInterfaceOrientationLandscapeRight";
				LD_RUNPATH_SEARCH_PATHS = (
					"$(inherited)",
					"@executable_path/Frameworks",
				);
				MARKETING_VERSION = 1.0;
				PRODUCT_BUNDLE_IDENTIFIER = Arthur.Sh.BucketList;
				PRODUCT_NAME = "$(TARGET_NAME)";
				SWIFT_EMIT_LOC_STRINGS = YES;
				SWIFT_VERSION = 5.0;
				TARGETED_DEVICE_FAMILY = "1,2";
			};
			name = Debug;
		};
		323AD579295495980060D0C9 /* Release */ = {
			isa = XCBuildConfiguration;
			buildSettings = {
				ASSETCATALOG_COMPILER_APPICON_NAME = AppIcon;
				ASSETCATALOG_COMPILER_GLOBAL_ACCENT_COLOR_NAME = AccentColor;
				CODE_SIGN_STYLE = Automatic;
				CURRENT_PROJECT_VERSION = 1;
				DEVELOPMENT_ASSET_PATHS = "\"BucketList/Preview Content\"";
				DEVELOPMENT_TEAM = 7S5KXF68WA;
				ENABLE_PREVIEWS = YES;
				GENERATE_INFOPLIST_FILE = YES;
				INFOPLIST_KEY_NSFaceIDUsageDescription = "We need to unlock your data.";
				INFOPLIST_KEY_UIApplicationSceneManifest_Generation = YES;
				INFOPLIST_KEY_UIApplicationSupportsIndirectInputEvents = YES;
				INFOPLIST_KEY_UILaunchScreen_Generation = YES;
				INFOPLIST_KEY_UISupportedInterfaceOrientations_iPad = "UIInterfaceOrientationPortrait UIInterfaceOrientationPortraitUpsideDown UIInterfaceOrientationLandscapeLeft UIInterfaceOrientationLandscapeRight";
				INFOPLIST_KEY_UISupportedInterfaceOrientations_iPhone = "UIInterfaceOrientationPortrait UIInterfaceOrientationLandscapeLeft UIInterfaceOrientationLandscapeRight";
				LD_RUNPATH_SEARCH_PATHS = (
					"$(inherited)",
					"@executable_path/Frameworks",
				);
				MARKETING_VERSION = 1.0;
				PRODUCT_BUNDLE_IDENTIFIER = Arthur.Sh.BucketList;
				PRODUCT_NAME = "$(TARGET_NAME)";
				SWIFT_EMIT_LOC_STRINGS = YES;
				SWIFT_VERSION = 5.0;
				TARGETED_DEVICE_FAMILY = "1,2";
			};
			name = Release;
		};
		323AD57B295495980060D0C9 /* Debug */ = {
			isa = XCBuildConfiguration;
			buildSettings = {
				ALWAYS_EMBED_SWIFT_STANDARD_LIBRARIES = YES;
				BUNDLE_LOADER = "$(TEST_HOST)";
				CODE_SIGN_STYLE = Automatic;
				CURRENT_PROJECT_VERSION = 1;
				DEVELOPMENT_TEAM = 7S5KXF68WA;
				GENERATE_INFOPLIST_FILE = YES;
				IPHONEOS_DEPLOYMENT_TARGET = 16.2;
				MARKETING_VERSION = 1.0;
				PRODUCT_BUNDLE_IDENTIFIER = Arthur.Sh.BucketListTests;
				PRODUCT_NAME = "$(TARGET_NAME)";
				SWIFT_EMIT_LOC_STRINGS = NO;
				SWIFT_VERSION = 5.0;
				TARGETED_DEVICE_FAMILY = "1,2";
				TEST_HOST = "$(BUILT_PRODUCTS_DIR)/BucketList.app/$(BUNDLE_EXECUTABLE_FOLDER_PATH)/BucketList";
			};
			name = Debug;
		};
		323AD57C295495980060D0C9 /* Release */ = {
			isa = XCBuildConfiguration;
			buildSettings = {
				ALWAYS_EMBED_SWIFT_STANDARD_LIBRARIES = YES;
				BUNDLE_LOADER = "$(TEST_HOST)";
				CODE_SIGN_STYLE = Automatic;
				CURRENT_PROJECT_VERSION = 1;
				DEVELOPMENT_TEAM = 7S5KXF68WA;
				GENERATE_INFOPLIST_FILE = YES;
				IPHONEOS_DEPLOYMENT_TARGET = 16.2;
				MARKETING_VERSION = 1.0;
				PRODUCT_BUNDLE_IDENTIFIER = Arthur.Sh.BucketListTests;
				PRODUCT_NAME = "$(TARGET_NAME)";
				SWIFT_EMIT_LOC_STRINGS = NO;
				SWIFT_VERSION = 5.0;
				TARGETED_DEVICE_FAMILY = "1,2";
				TEST_HOST = "$(BUILT_PRODUCTS_DIR)/BucketList.app/$(BUNDLE_EXECUTABLE_FOLDER_PATH)/BucketList";
			};
			name = Release;
		};
		323AD57E295495980060D0C9 /* Debug */ = {
			isa = XCBuildConfiguration;
			buildSettings = {
				ALWAYS_EMBED_SWIFT_STANDARD_LIBRARIES = YES;
				CODE_SIGN_STYLE = Automatic;
				CURRENT_PROJECT_VERSION = 1;
				DEVELOPMENT_TEAM = 7S5KXF68WA;
				GENERATE_INFOPLIST_FILE = YES;
				MARKETING_VERSION = 1.0;
				PRODUCT_BUNDLE_IDENTIFIER = Arthur.Sh.BucketListUITests;
				PRODUCT_NAME = "$(TARGET_NAME)";
				SWIFT_EMIT_LOC_STRINGS = NO;
				SWIFT_VERSION = 5.0;
				TARGETED_DEVICE_FAMILY = "1,2";
				TEST_TARGET_NAME = BucketList;
			};
			name = Debug;
		};
		323AD57F295495980060D0C9 /* Release */ = {
			isa = XCBuildConfiguration;
			buildSettings = {
				ALWAYS_EMBED_SWIFT_STANDARD_LIBRARIES = YES;
				CODE_SIGN_STYLE = Automatic;
				CURRENT_PROJECT_VERSION = 1;
				DEVELOPMENT_TEAM = 7S5KXF68WA;
				GENERATE_INFOPLIST_FILE = YES;
				MARKETING_VERSION = 1.0;
				PRODUCT_BUNDLE_IDENTIFIER = Arthur.Sh.BucketListUITests;
				PRODUCT_NAME = "$(TARGET_NAME)";
				SWIFT_EMIT_LOC_STRINGS = NO;
				SWIFT_VERSION = 5.0;
				TARGETED_DEVICE_FAMILY = "1,2";
				TEST_TARGET_NAME = BucketList;
			};
			name = Release;
		};
/* End XCBuildConfiguration section */

/* Begin XCConfigurationList section */
		323AD54E295495970060D0C9 /* Build configuration list for PBXProject "BucketList" */ = {
			isa = XCConfigurationList;
			buildConfigurations = (
				323AD575295495980060D0C9 /* Debug */,
				323AD576295495980060D0C9 /* Release */,
			);
			defaultConfigurationIsVisible = 0;
			defaultConfigurationName = Release;
		};
		323AD577295495980060D0C9 /* Build configuration list for PBXNativeTarget "BucketList" */ = {
			isa = XCConfigurationList;
			buildConfigurations = (
				323AD578295495980060D0C9 /* Debug */,
				323AD579295495980060D0C9 /* Release */,
			);
			defaultConfigurationIsVisible = 0;
			defaultConfigurationName = Release;
		};
		323AD57A295495980060D0C9 /* Build configuration list for PBXNativeTarget "BucketListTests" */ = {
			isa = XCConfigurationList;
			buildConfigurations = (
				323AD57B295495980060D0C9 /* Debug */,
				323AD57C295495980060D0C9 /* Release */,
			);
			defaultConfigurationIsVisible = 0;
			defaultConfigurationName = Release;
		};
		323AD57D295495980060D0C9 /* Build configuration list for PBXNativeTarget "BucketListUITests" */ = {
			isa = XCConfigurationList;
			buildConfigurations = (
				323AD57E295495980060D0C9 /* Debug */,
				323AD57F295495980060D0C9 /* Release */,
			);
			defaultConfigurationIsVisible = 0;
			defaultConfigurationName = Release;
		};
/* End XCConfigurationList section */
	};
	rootObject = 323AD54B295495970060D0C9 /* Project object */;
}
